// !$*UTF8*$!
{
	archiveVersion = 1;
	classes = {
	};
	objectVersion = 56;
	objects = {

/* Begin PBXBuildFile section */
		6D11128F2972CE6500E8D71F /* CursorView.swift in Sources */ = {isa = PBXBuildFile; fileRef = 6D11128E2972CE6500E8D71F /* CursorView.swift */; };
		6D1112912972DDCD00E8D71F /* PlaceRecognizer.swift in Sources */ = {isa = PBXBuildFile; fileRef = 6D1112902972DDCD00E8D71F /* PlaceRecognizer.swift */; };
		6D1112932972DEC200E8D71F /* LocalPlaceRecognizer.swift in Sources */ = {isa = PBXBuildFile; fileRef = 6D1112922972DEC200E8D71F /* LocalPlaceRecognizer.swift */; };
		6D2C28DF29A0F06E00DE850E /* ImagePredictor.swift in Sources */ = {isa = PBXBuildFile; fileRef = 6D2C28DE29A0F06E00DE850E /* ImagePredictor.swift */; };
		6D2C28E729A104A000DE850E /* Descriptor.swift in Sources */ = {isa = PBXBuildFile; fileRef = 6D2C28E629A104A000DE850E /* Descriptor.swift */; };
		6D2C28E929A13CA200DE850E /* MobileNet2.mlpackage in Sources */ = {isa = PBXBuildFile; fileRef = 6D2C28E829A13CA200DE850E /* MobileNet2.mlpackage */; };
		6D41315F29D9FA5400D73629 /* SF-Pro-Display-LightItalic.otf in Resources */ = {isa = PBXBuildFile; fileRef = 6D41314B29D9FA5300D73629 /* SF-Pro-Display-LightItalic.otf */; };
		6D41316029D9FA5400D73629 /* SF-Pro-Display-Thin.otf in Resources */ = {isa = PBXBuildFile; fileRef = 6D41314C29D9FA5300D73629 /* SF-Pro-Display-Thin.otf */; };
		6D41316129D9FA5400D73629 /* SF-Pro-Display-Medium.otf in Resources */ = {isa = PBXBuildFile; fileRef = 6D41314D29D9FA5300D73629 /* SF-Pro-Display-Medium.otf */; };
		6D41316229D9FA5400D73629 /* SF-Pro-Display-Regular.otf in Resources */ = {isa = PBXBuildFile; fileRef = 6D41314E29D9FA5300D73629 /* SF-Pro-Display-Regular.otf */; };
		6D41316329D9FA5400D73629 /* SF-Pro-Display-MediumItalic.otf in Resources */ = {isa = PBXBuildFile; fileRef = 6D41314F29D9FA5300D73629 /* SF-Pro-Display-MediumItalic.otf */; };
		6D41316429D9FA5400D73629 /* SF-Pro-Display-HeavyItalic.otf in Resources */ = {isa = PBXBuildFile; fileRef = 6D41315029D9FA5300D73629 /* SF-Pro-Display-HeavyItalic.otf */; };
		6D41316529D9FA5400D73629 /* SF-Pro-Display-Bold.otf in Resources */ = {isa = PBXBuildFile; fileRef = 6D41315129D9FA5300D73629 /* SF-Pro-Display-Bold.otf */; };
		6D41316629D9FA5400D73629 /* SF-Pro-Display-RegularItalic.otf in Resources */ = {isa = PBXBuildFile; fileRef = 6D41315229D9FA5300D73629 /* SF-Pro-Display-RegularItalic.otf */; };
		6D41316729D9FA5400D73629 /* SF-Pro-Display-Ultralight.otf in Resources */ = {isa = PBXBuildFile; fileRef = 6D41315329D9FA5300D73629 /* SF-Pro-Display-Ultralight.otf */; };
		6D41316829D9FA5400D73629 /* SF-Pro-Display-BoldItalic.otf in Resources */ = {isa = PBXBuildFile; fileRef = 6D41315429D9FA5300D73629 /* SF-Pro-Display-BoldItalic.otf */; };
		6D41316929D9FA5400D73629 /* SF-Pro-Display-Heavy.otf in Resources */ = {isa = PBXBuildFile; fileRef = 6D41315529D9FA5300D73629 /* SF-Pro-Display-Heavy.otf */; };
		6D41316A29D9FA5400D73629 /* COPYRIGHT.txt in Resources */ = {isa = PBXBuildFile; fileRef = 6D41315629D9FA5400D73629 /* COPYRIGHT.txt */; };
		6D41316B29D9FA5400D73629 /* SF-Pro-Display-UltralightItalic.otf in Resources */ = {isa = PBXBuildFile; fileRef = 6D41315729D9FA5400D73629 /* SF-Pro-Display-UltralightItalic.otf */; };
		6D41316C29D9FA5400D73629 /* SFPro_Font_License.rtf in Resources */ = {isa = PBXBuildFile; fileRef = 6D41315829D9FA5400D73629 /* SFPro_Font_License.rtf */; };
		6D41316D29D9FA5400D73629 /* SF-Pro-Display-Black.otf in Resources */ = {isa = PBXBuildFile; fileRef = 6D41315929D9FA5400D73629 /* SF-Pro-Display-Black.otf */; };
		6D41316E29D9FA5400D73629 /* SF-Pro-Display-Semibold.otf in Resources */ = {isa = PBXBuildFile; fileRef = 6D41315A29D9FA5400D73629 /* SF-Pro-Display-Semibold.otf */; };
		6D41316F29D9FA5400D73629 /* SF-Pro-Display-Light.otf in Resources */ = {isa = PBXBuildFile; fileRef = 6D41315B29D9FA5400D73629 /* SF-Pro-Display-Light.otf */; };
		6D41317029D9FA5400D73629 /* SF-Pro-Display-BlackItalic.otf in Resources */ = {isa = PBXBuildFile; fileRef = 6D41315C29D9FA5400D73629 /* SF-Pro-Display-BlackItalic.otf */; };
		6D41317129D9FA5400D73629 /* SF-Pro-Display-ThinItalic.otf in Resources */ = {isa = PBXBuildFile; fileRef = 6D41315D29D9FA5400D73629 /* SF-Pro-Display-ThinItalic.otf */; };
		6D41317229D9FA5400D73629 /* SF-Pro-Display-SemiboldItalic.otf in Resources */ = {isa = PBXBuildFile; fileRef = 6D41315E29D9FA5400D73629 /* SF-Pro-Display-SemiboldItalic.otf */; };
		6D5E3EAB29D23F3C006A577A /* NetVlad.mlpackage in Sources */ = {isa = PBXBuildFile; fileRef = 6D5E3EAA29D23F3C006A577A /* NetVlad.mlpackage */; };
		6D5E3EAD29D24203006A577A /* PoolPredictor.swift in Sources */ = {isa = PBXBuildFile; fileRef = 6D5E3EAC29D24203006A577A /* PoolPredictor.swift */; };
		6D5E3EB329D24A37006A577A /* Pool.mlpackage in Sources */ = {isa = PBXBuildFile; fileRef = 6D5E3EB229D24A37006A577A /* Pool.mlpackage */; };
		6D8201C229D889A000FDAD65 /* BuildingInfoView.swift in Sources */ = {isa = PBXBuildFile; fileRef = 6D8201C129D889A000FDAD65 /* BuildingInfoView.swift */; };
		6D8201C429D889FD00FDAD65 /* HostingView.swift in Sources */ = {isa = PBXBuildFile; fileRef = 6D8201C329D889FD00FDAD65 /* HostingView.swift */; };
		6D8201D029D9EDD900FDAD65 /* Fonts.swift in Sources */ = {isa = PBXBuildFile; fileRef = 6D8201CF29D9EDD900FDAD65 /* Fonts.swift */; };
		6D82021F29D9F58400FDAD65 /* Silkscreen-Bold.ttf in Resources */ = {isa = PBXBuildFile; fileRef = 6D82021D29D9F58400FDAD65 /* Silkscreen-Bold.ttf */; };
		6D82022029D9F58400FDAD65 /* Silkscreen-Regular.ttf in Resources */ = {isa = PBXBuildFile; fileRef = 6D82021E29D9F58400FDAD65 /* Silkscreen-Regular.ttf */; };
		6DA008B829CC722D00EDFCE3 /* CursorStabilizationDelegate.swift in Sources */ = {isa = PBXBuildFile; fileRef = 6DA008B729CC722D00EDFCE3 /* CursorStabilizationDelegate.swift */; };
		6DA008BA29CC733800EDFCE3 /* PlaceRecognizerDelegate.swift in Sources */ = {isa = PBXBuildFile; fileRef = 6DA008B929CC733800EDFCE3 /* PlaceRecognizerDelegate.swift */; };
		6DA008BC29CC74AD00EDFCE3 /* BuildingInfoRepository.swift in Sources */ = {isa = PBXBuildFile; fileRef = 6DA008BB29CC74AD00EDFCE3 /* BuildingInfoRepository.swift */; };
		6DA008BE29CC9EEA00EDFCE3 /* BuildingInfoService.swift in Sources */ = {isa = PBXBuildFile; fileRef = 6DA008BD29CC9EEA00EDFCE3 /* BuildingInfoService.swift */; };
		6DA008C729CDBAD200EDFCE3 /* IBuildingInfoRepository.swift in Sources */ = {isa = PBXBuildFile; fileRef = 6DA008C629CDBAD200EDFCE3 /* IBuildingInfoRepository.swift */; };
		6DA008CA29CDBB5400EDFCE3 /* RawPlaceRecognition.swift in Sources */ = {isa = PBXBuildFile; fileRef = 6DA008C929CDBB5400EDFCE3 /* RawPlaceRecognition.swift */; };
		6DA008CC29CDD02300EDFCE3 /* SearchCapsuleDelegate.swift in Sources */ = {isa = PBXBuildFile; fileRef = 6DA008CB29CDD02300EDFCE3 /* SearchCapsuleDelegate.swift */; };
		6DCB4E622900B03600211BA6 /* AppDelegate.swift in Sources */ = {isa = PBXBuildFile; fileRef = 6DCB4E612900B03600211BA6 /* AppDelegate.swift */; };
		6DCB4E642900B03600211BA6 /* SceneDelegate.swift in Sources */ = {isa = PBXBuildFile; fileRef = 6DCB4E632900B03600211BA6 /* SceneDelegate.swift */; };
		6DCB4E662900B03600211BA6 /* RootViewController.swift in Sources */ = {isa = PBXBuildFile; fileRef = 6DCB4E652900B03600211BA6 /* RootViewController.swift */; };
		6DCB4E692900B03600211BA6 /* Main.storyboard in Resources */ = {isa = PBXBuildFile; fileRef = 6DCB4E672900B03600211BA6 /* Main.storyboard */; };
		6DCB4E6B2900B03700211BA6 /* Assets.xcassets in Resources */ = {isa = PBXBuildFile; fileRef = 6DCB4E6A2900B03700211BA6 /* Assets.xcassets */; };
		6DCB4E6E2900B03700211BA6 /* LaunchScreen.storyboard in Resources */ = {isa = PBXBuildFile; fileRef = 6DCB4E6C2900B03700211BA6 /* LaunchScreen.storyboard */; };
		6DE2C00D290EED2E00D5FE05 /* SearchCapsuleView.swift in Sources */ = {isa = PBXBuildFile; fileRef = 6DE2C00C290EED2E00D5FE05 /* SearchCapsuleView.swift */; };
		6DE2C00F290F2DB500D5FE05 /* Colors.swift in Sources */ = {isa = PBXBuildFile; fileRef = 6DE2C00E290F2DB500D5FE05 /* Colors.swift */; };
/* End PBXBuildFile section */

/* Begin PBXFileReference section */
		6D111287297218ED00E8D71F /* AR Session 1.mov */ = {isa = PBXFileReference; lastKnownFileType = video.quicktime; name = "AR Session 1.mov"; path = "../Resources/AR Session 1.mov"; sourceTree = "<group>"; };
		6D11128E2972CE6500E8D71F /* CursorView.swift */ = {isa = PBXFileReference; fileEncoding = 4; lastKnownFileType = sourcecode.swift; path = CursorView.swift; sourceTree = "<group>"; };
		6D1112902972DDCD00E8D71F /* PlaceRecognizer.swift */ = {isa = PBXFileReference; lastKnownFileType = sourcecode.swift; path = PlaceRecognizer.swift; sourceTree = "<group>"; };
		6D1112922972DEC200E8D71F /* LocalPlaceRecognizer.swift */ = {isa = PBXFileReference; lastKnownFileType = sourcecode.swift; path = LocalPlaceRecognizer.swift; sourceTree = "<group>"; };
		6D2C28DE29A0F06E00DE850E /* ImagePredictor.swift */ = {isa = PBXFileReference; lastKnownFileType = sourcecode.swift; path = ImagePredictor.swift; sourceTree = "<group>"; };
		6D2C28E629A104A000DE850E /* Descriptor.swift */ = {isa = PBXFileReference; lastKnownFileType = sourcecode.swift; path = Descriptor.swift; sourceTree = "<group>"; };
		6D2C28E829A13CA200DE850E /* MobileNet2.mlpackage */ = {isa = PBXFileReference; lastKnownFileType = folder.mlpackage; path = MobileNet2.mlpackage; sourceTree = "<group>"; };
		6D41314B29D9FA5300D73629 /* SF-Pro-Display-LightItalic.otf */ = {isa = PBXFileReference; lastKnownFileType = file; path = "SF-Pro-Display-LightItalic.otf"; sourceTree = "<group>"; };
		6D41314C29D9FA5300D73629 /* SF-Pro-Display-Thin.otf */ = {isa = PBXFileReference; lastKnownFileType = file; path = "SF-Pro-Display-Thin.otf"; sourceTree = "<group>"; };
		6D41314D29D9FA5300D73629 /* SF-Pro-Display-Medium.otf */ = {isa = PBXFileReference; lastKnownFileType = file; path = "SF-Pro-Display-Medium.otf"; sourceTree = "<group>"; };
		6D41314E29D9FA5300D73629 /* SF-Pro-Display-Regular.otf */ = {isa = PBXFileReference; lastKnownFileType = file; path = "SF-Pro-Display-Regular.otf"; sourceTree = "<group>"; };
		6D41314F29D9FA5300D73629 /* SF-Pro-Display-MediumItalic.otf */ = {isa = PBXFileReference; lastKnownFileType = file; path = "SF-Pro-Display-MediumItalic.otf"; sourceTree = "<group>"; };
		6D41315029D9FA5300D73629 /* SF-Pro-Display-HeavyItalic.otf */ = {isa = PBXFileReference; lastKnownFileType = file; path = "SF-Pro-Display-HeavyItalic.otf"; sourceTree = "<group>"; };
		6D41315129D9FA5300D73629 /* SF-Pro-Display-Bold.otf */ = {isa = PBXFileReference; lastKnownFileType = file; path = "SF-Pro-Display-Bold.otf"; sourceTree = "<group>"; };
		6D41315229D9FA5300D73629 /* SF-Pro-Display-RegularItalic.otf */ = {isa = PBXFileReference; lastKnownFileType = file; path = "SF-Pro-Display-RegularItalic.otf"; sourceTree = "<group>"; };
		6D41315329D9FA5300D73629 /* SF-Pro-Display-Ultralight.otf */ = {isa = PBXFileReference; lastKnownFileType = file; path = "SF-Pro-Display-Ultralight.otf"; sourceTree = "<group>"; };
		6D41315429D9FA5300D73629 /* SF-Pro-Display-BoldItalic.otf */ = {isa = PBXFileReference; lastKnownFileType = file; path = "SF-Pro-Display-BoldItalic.otf"; sourceTree = "<group>"; };
		6D41315529D9FA5300D73629 /* SF-Pro-Display-Heavy.otf */ = {isa = PBXFileReference; lastKnownFileType = file; path = "SF-Pro-Display-Heavy.otf"; sourceTree = "<group>"; };
		6D41315629D9FA5400D73629 /* COPYRIGHT.txt */ = {isa = PBXFileReference; fileEncoding = 4; lastKnownFileType = text; path = COPYRIGHT.txt; sourceTree = "<group>"; };
		6D41315729D9FA5400D73629 /* SF-Pro-Display-UltralightItalic.otf */ = {isa = PBXFileReference; lastKnownFileType = file; path = "SF-Pro-Display-UltralightItalic.otf"; sourceTree = "<group>"; };
		6D41315829D9FA5400D73629 /* SFPro_Font_License.rtf */ = {isa = PBXFileReference; fileEncoding = 4; lastKnownFileType = text.rtf; path = SFPro_Font_License.rtf; sourceTree = "<group>"; };
		6D41315929D9FA5400D73629 /* SF-Pro-Display-Black.otf */ = {isa = PBXFileReference; lastKnownFileType = file; path = "SF-Pro-Display-Black.otf"; sourceTree = "<group>"; };
		6D41315A29D9FA5400D73629 /* SF-Pro-Display-Semibold.otf */ = {isa = PBXFileReference; lastKnownFileType = file; path = "SF-Pro-Display-Semibold.otf"; sourceTree = "<group>"; };
		6D41315B29D9FA5400D73629 /* SF-Pro-Display-Light.otf */ = {isa = PBXFileReference; lastKnownFileType = file; path = "SF-Pro-Display-Light.otf"; sourceTree = "<group>"; };
		6D41315C29D9FA5400D73629 /* SF-Pro-Display-BlackItalic.otf */ = {isa = PBXFileReference; lastKnownFileType = file; path = "SF-Pro-Display-BlackItalic.otf"; sourceTree = "<group>"; };
		6D41315D29D9FA5400D73629 /* SF-Pro-Display-ThinItalic.otf */ = {isa = PBXFileReference; lastKnownFileType = file; path = "SF-Pro-Display-ThinItalic.otf"; sourceTree = "<group>"; };
		6D41315E29D9FA5400D73629 /* SF-Pro-Display-SemiboldItalic.otf */ = {isa = PBXFileReference; lastKnownFileType = file; path = "SF-Pro-Display-SemiboldItalic.otf"; sourceTree = "<group>"; };
		6D5E3EAA29D23F3C006A577A /* NetVlad.mlpackage */ = {isa = PBXFileReference; lastKnownFileType = folder.mlpackage; path = NetVlad.mlpackage; sourceTree = "<group>"; };
		6D5E3EAC29D24203006A577A /* PoolPredictor.swift */ = {isa = PBXFileReference; lastKnownFileType = sourcecode.swift; path = PoolPredictor.swift; sourceTree = "<group>"; };
		6D5E3EB229D24A37006A577A /* Pool.mlpackage */ = {isa = PBXFileReference; lastKnownFileType = folder.mlpackage; path = Pool.mlpackage; sourceTree = "<group>"; };
		6D8201C129D889A000FDAD65 /* BuildingInfoView.swift */ = {isa = PBXFileReference; lastKnownFileType = sourcecode.swift; path = BuildingInfoView.swift; sourceTree = "<group>"; };
		6D8201C329D889FD00FDAD65 /* HostingView.swift */ = {isa = PBXFileReference; lastKnownFileType = sourcecode.swift; path = HostingView.swift; sourceTree = "<group>"; };
		6D8201CF29D9EDD900FDAD65 /* Fonts.swift */ = {isa = PBXFileReference; lastKnownFileType = sourcecode.swift; path = Fonts.swift; sourceTree = "<group>"; };
		6D82021D29D9F58400FDAD65 /* Silkscreen-Bold.ttf */ = {isa = PBXFileReference; lastKnownFileType = file; path = "Silkscreen-Bold.ttf"; sourceTree = "<group>"; };
		6D82021E29D9F58400FDAD65 /* Silkscreen-Regular.ttf */ = {isa = PBXFileReference; lastKnownFileType = file; path = "Silkscreen-Regular.ttf"; sourceTree = "<group>"; };
		6DA008B729CC722D00EDFCE3 /* CursorStabilizationDelegate.swift */ = {isa = PBXFileReference; lastKnownFileType = sourcecode.swift; path = CursorStabilizationDelegate.swift; sourceTree = "<group>"; };
		6DA008B929CC733800EDFCE3 /* PlaceRecognizerDelegate.swift */ = {isa = PBXFileReference; lastKnownFileType = sourcecode.swift; path = PlaceRecognizerDelegate.swift; sourceTree = "<group>"; };
		6DA008BB29CC74AD00EDFCE3 /* BuildingInfoRepository.swift */ = {isa = PBXFileReference; lastKnownFileType = sourcecode.swift; path = BuildingInfoRepository.swift; sourceTree = "<group>"; };
		6DA008BD29CC9EEA00EDFCE3 /* BuildingInfoService.swift */ = {isa = PBXFileReference; lastKnownFileType = sourcecode.swift; path = BuildingInfoService.swift; sourceTree = "<group>"; };
		6DA008C629CDBAD200EDFCE3 /* IBuildingInfoRepository.swift */ = {isa = PBXFileReference; lastKnownFileType = sourcecode.swift; path = IBuildingInfoRepository.swift; sourceTree = "<group>"; };
		6DA008C929CDBB5400EDFCE3 /* RawPlaceRecognition.swift */ = {isa = PBXFileReference; lastKnownFileType = sourcecode.swift; path = RawPlaceRecognition.swift; sourceTree = "<group>"; };
		6DA008CB29CDD02300EDFCE3 /* SearchCapsuleDelegate.swift */ = {isa = PBXFileReference; lastKnownFileType = sourcecode.swift; path = SearchCapsuleDelegate.swift; sourceTree = "<group>"; };
		6DCB4E5E2900B03600211BA6 /* PlaceRecognitionApp.app */ = {isa = PBXFileReference; explicitFileType = wrapper.application; includeInIndex = 0; path = PlaceRecognitionApp.app; sourceTree = BUILT_PRODUCTS_DIR; };
		6DCB4E612900B03600211BA6 /* AppDelegate.swift */ = {isa = PBXFileReference; lastKnownFileType = sourcecode.swift; path = AppDelegate.swift; sourceTree = "<group>"; };
		6DCB4E632900B03600211BA6 /* SceneDelegate.swift */ = {isa = PBXFileReference; lastKnownFileType = sourcecode.swift; path = SceneDelegate.swift; sourceTree = "<group>"; };
		6DCB4E652900B03600211BA6 /* RootViewController.swift */ = {isa = PBXFileReference; lastKnownFileType = sourcecode.swift; path = RootViewController.swift; sourceTree = "<group>"; };
		6DCB4E682900B03600211BA6 /* Base */ = {isa = PBXFileReference; lastKnownFileType = file.storyboard; name = Base; path = Base.lproj/Main.storyboard; sourceTree = "<group>"; };
		6DCB4E6A2900B03700211BA6 /* Assets.xcassets */ = {isa = PBXFileReference; lastKnownFileType = folder.assetcatalog; path = Assets.xcassets; sourceTree = "<group>"; };
		6DCB4E6D2900B03700211BA6 /* Base */ = {isa = PBXFileReference; lastKnownFileType = file.storyboard; name = Base; path = Base.lproj/LaunchScreen.storyboard; sourceTree = "<group>"; };
		6DCB4E6F2900B03700211BA6 /* Info.plist */ = {isa = PBXFileReference; lastKnownFileType = text.plist.xml; path = Info.plist; sourceTree = "<group>"; };
		6DE2C00C290EED2E00D5FE05 /* SearchCapsuleView.swift */ = {isa = PBXFileReference; lastKnownFileType = sourcecode.swift; path = SearchCapsuleView.swift; sourceTree = "<group>"; };
		6DE2C00E290F2DB500D5FE05 /* Colors.swift */ = {isa = PBXFileReference; fileEncoding = 4; lastKnownFileType = sourcecode.swift; path = Colors.swift; sourceTree = "<group>"; };
/* End PBXFileReference section */

/* Begin PBXFrameworksBuildPhase section */
		6DCB4E5B2900B03600211BA6 /* Frameworks */ = {
			isa = PBXFrameworksBuildPhase;
			buildActionMask = 2147483647;
			files = (
			);
			runOnlyForDeploymentPostprocessing = 0;
		};
/* End PBXFrameworksBuildPhase section */

/* Begin PBXGroup section */
		6D5E3EA529D08C22006A577A /* Util */ = {
			isa = PBXGroup;
			children = (
				6DE2C00E290F2DB500D5FE05 /* Colors.swift */,
				6D8201C329D889FD00FDAD65 /* HostingView.swift */,
				6D8201CF29D9EDD900FDAD65 /* Fonts.swift */,
			);
			path = Util;
			sourceTree = "<group>";
		};
		6D5E3EB429D25BBD006A577A /* CNNModels */ = {
			isa = PBXGroup;
			children = (
				6D5E3EB229D24A37006A577A /* Pool.mlpackage */,
				6D5E3EAA29D23F3C006A577A /* NetVlad.mlpackage */,
				6D2C28E829A13CA200DE850E /* MobileNet2.mlpackage */,
			);
			path = CNNModels;
			sourceTree = "<group>";
		};
		6D8201C529D9ECCF00FDAD65 /* fonts */ = {
			isa = PBXGroup;
			children = (
				6D41315629D9FA5400D73629 /* COPYRIGHT.txt */,
				6D41315929D9FA5400D73629 /* SF-Pro-Display-Black.otf */,
				6D41315C29D9FA5400D73629 /* SF-Pro-Display-BlackItalic.otf */,
				6D41315129D9FA5300D73629 /* SF-Pro-Display-Bold.otf */,
				6D41315429D9FA5300D73629 /* SF-Pro-Display-BoldItalic.otf */,
				6D41315529D9FA5300D73629 /* SF-Pro-Display-Heavy.otf */,
				6D41315029D9FA5300D73629 /* SF-Pro-Display-HeavyItalic.otf */,
				6D41315B29D9FA5400D73629 /* SF-Pro-Display-Light.otf */,
				6D41314B29D9FA5300D73629 /* SF-Pro-Display-LightItalic.otf */,
				6D41314D29D9FA5300D73629 /* SF-Pro-Display-Medium.otf */,
				6D41314F29D9FA5300D73629 /* SF-Pro-Display-MediumItalic.otf */,
				6D41314E29D9FA5300D73629 /* SF-Pro-Display-Regular.otf */,
				6D41315229D9FA5300D73629 /* SF-Pro-Display-RegularItalic.otf */,
				6D41315A29D9FA5400D73629 /* SF-Pro-Display-Semibold.otf */,
				6D41315E29D9FA5400D73629 /* SF-Pro-Display-SemiboldItalic.otf */,
				6D41314C29D9FA5300D73629 /* SF-Pro-Display-Thin.otf */,
				6D41315D29D9FA5400D73629 /* SF-Pro-Display-ThinItalic.otf */,
				6D41315329D9FA5300D73629 /* SF-Pro-Display-Ultralight.otf */,
				6D41315729D9FA5400D73629 /* SF-Pro-Display-UltralightItalic.otf */,
				6D41315829D9FA5400D73629 /* SFPro_Font_License.rtf */,
				6D82021D29D9F58400FDAD65 /* Silkscreen-Bold.ttf */,
				6D82021E29D9F58400FDAD65 /* Silkscreen-Regular.ttf */,
			);
			path = fonts;
			sourceTree = "<group>";
		};
		6DA008BF29CCB39700EDFCE3 /* Delegates */ = {
			isa = PBXGroup;
			children = (
				6DA008B729CC722D00EDFCE3 /* CursorStabilizationDelegate.swift */,
				6DA008B929CC733800EDFCE3 /* PlaceRecognizerDelegate.swift */,
				6DA008CB29CDD02300EDFCE3 /* SearchCapsuleDelegate.swift */,
			);
			path = Delegates;
			sourceTree = "<group>";
		};
		6DA008C029CCB3AA00EDFCE3 /* Views */ = {
			isa = PBXGroup;
			children = (
				6D11128E2972CE6500E8D71F /* CursorView.swift */,
				6DE2C00C290EED2E00D5FE05 /* SearchCapsuleView.swift */,
				6D8201C129D889A000FDAD65 /* BuildingInfoView.swift */,
			);
			path = Views;
			sourceTree = "<group>";
		};
		6DA008C129CCB3B700EDFCE3 /* Services */ = {
			isa = PBXGroup;
			children = (
				6DA008C329CCB3E700EDFCE3 /* Model */,
				6DA008BD29CC9EEA00EDFCE3 /* BuildingInfoService.swift */,
				6D1112902972DDCD00E8D71F /* PlaceRecognizer.swift */,
				6D1112922972DEC200E8D71F /* LocalPlaceRecognizer.swift */,
				6D2C28DE29A0F06E00DE850E /* ImagePredictor.swift */,
				6D5E3EAC29D24203006A577A /* PoolPredictor.swift */,
			);
			path = Services;
			sourceTree = "<group>";
		};
		6DA008C229CCB3CB00EDFCE3 /* Repositories */ = {
			isa = PBXGroup;
			children = (
				6DA008C829CDBB4300EDFCE3 /* Model */,
				6DA008BB29CC74AD00EDFCE3 /* BuildingInfoRepository.swift */,
				6DA008C629CDBAD200EDFCE3 /* IBuildingInfoRepository.swift */,
			);
			path = Repositories;
			sourceTree = "<group>";
		};
		6DA008C329CCB3E700EDFCE3 /* Model */ = {
			isa = PBXGroup;
			children = (
				6D2C28E629A104A000DE850E /* Descriptor.swift */,
			);
			path = Model;
			sourceTree = "<group>";
		};
		6DA008C829CDBB4300EDFCE3 /* Model */ = {
			isa = PBXGroup;
			children = (
				6DA008C929CDBB5400EDFCE3 /* RawPlaceRecognition.swift */,
			);
			path = Model;
			sourceTree = "<group>";
		};
		6DCB4E552900B03600211BA6 = {
			isa = PBXGroup;
			children = (
				6D111287297218ED00E8D71F /* AR Session 1.mov */,
				6DCB4E602900B03600211BA6 /* PlaceRecognitionApp */,
				6DCB4E5F2900B03600211BA6 /* Products */,
			);
			sourceTree = "<group>";
		};
		6DCB4E5F2900B03600211BA6 /* Products */ = {
			isa = PBXGroup;
			children = (
				6DCB4E5E2900B03600211BA6 /* PlaceRecognitionApp.app */,
			);
			name = Products;
			sourceTree = "<group>";
		};
		6DCB4E602900B03600211BA6 /* PlaceRecognitionApp */ = {
			isa = PBXGroup;
			children = (
				6D8201C529D9ECCF00FDAD65 /* fonts */,
				6D5E3EB429D25BBD006A577A /* CNNModels */,
				6D5E3EA529D08C22006A577A /* Util */,
				6DA008C229CCB3CB00EDFCE3 /* Repositories */,
				6DA008C129CCB3B700EDFCE3 /* Services */,
				6DA008C029CCB3AA00EDFCE3 /* Views */,
				6DA008BF29CCB39700EDFCE3 /* Delegates */,
				6DCB4E612900B03600211BA6 /* AppDelegate.swift */,
				6DCB4E632900B03600211BA6 /* SceneDelegate.swift */,
				6DCB4E652900B03600211BA6 /* RootViewController.swift */,
				6DCB4E672900B03600211BA6 /* Main.storyboard */,
				6DCB4E6A2900B03700211BA6 /* Assets.xcassets */,
				6DCB4E6C2900B03700211BA6 /* LaunchScreen.storyboard */,
				6DCB4E6F2900B03700211BA6 /* Info.plist */,
			);
			path = PlaceRecognitionApp;
			sourceTree = "<group>";
		};
/* End PBXGroup section */

/* Begin PBXNativeTarget section */
		6DCB4E5D2900B03600211BA6 /* PlaceRecognitionApp */ = {
			isa = PBXNativeTarget;
			buildConfigurationList = 6DCB4E722900B03700211BA6 /* Build configuration list for PBXNativeTarget "PlaceRecognitionApp" */;
			buildPhases = (
				6DCB4E5A2900B03600211BA6 /* Sources */,
				6DCB4E5B2900B03600211BA6 /* Frameworks */,
				6DCB4E5C2900B03600211BA6 /* Resources */,
				6DA008CD29CE0A4A00EDFCE3 /* ShellScript */,
			);
			buildRules = (
			);
			dependencies = (
			);
			name = PlaceRecognitionApp;
			productName = PlaceRecognitionApp;
			productReference = 6DCB4E5E2900B03600211BA6 /* PlaceRecognitionApp.app */;
			productType = "com.apple.product-type.application";
		};
/* End PBXNativeTarget section */

/* Begin PBXProject section */
		6DCB4E562900B03600211BA6 /* Project object */ = {
			isa = PBXProject;
			attributes = {
				BuildIndependentTargetsInParallel = 1;
				LastSwiftUpdateCheck = 1400;
				LastUpgradeCheck = 1400;
				TargetAttributes = {
					6DCB4E5D2900B03600211BA6 = {
						CreatedOnToolsVersion = 14.0;
					};
				};
			};
			buildConfigurationList = 6DCB4E592900B03600211BA6 /* Build configuration list for PBXProject "PlaceRecognitionApp" */;
			compatibilityVersion = "Xcode 14.0";
			developmentRegion = en;
			hasScannedForEncodings = 0;
			knownRegions = (
				en,
				Base,
			);
			mainGroup = 6DCB4E552900B03600211BA6;
			productRefGroup = 6DCB4E5F2900B03600211BA6 /* Products */;
			projectDirPath = "";
			projectRoot = "";
			targets = (
				6DCB4E5D2900B03600211BA6 /* PlaceRecognitionApp */,
			);
		};
/* End PBXProject section */

/* Begin PBXResourcesBuildPhase section */
		6DCB4E5C2900B03600211BA6 /* Resources */ = {
			isa = PBXResourcesBuildPhase;
			buildActionMask = 2147483647;
			files = (
				6D41316A29D9FA5400D73629 /* COPYRIGHT.txt in Resources */,
				6D41316829D9FA5400D73629 /* SF-Pro-Display-BoldItalic.otf in Resources */,
				6D41316129D9FA5400D73629 /* SF-Pro-Display-Medium.otf in Resources */,
				6D41316E29D9FA5400D73629 /* SF-Pro-Display-Semibold.otf in Resources */,
				6D41317129D9FA5400D73629 /* SF-Pro-Display-ThinItalic.otf in Resources */,
				6D41316B29D9FA5400D73629 /* SF-Pro-Display-UltralightItalic.otf in Resources */,
				6D41316029D9FA5400D73629 /* SF-Pro-Display-Thin.otf in Resources */,
				6D41316929D9FA5400D73629 /* SF-Pro-Display-Heavy.otf in Resources */,
				6D41316529D9FA5400D73629 /* SF-Pro-Display-Bold.otf in Resources */,
				6D41317229D9FA5400D73629 /* SF-Pro-Display-SemiboldItalic.otf in Resources */,
				6D41316D29D9FA5400D73629 /* SF-Pro-Display-Black.otf in Resources */,
				6D41317029D9FA5400D73629 /* SF-Pro-Display-BlackItalic.otf in Resources */,
				6D41316629D9FA5400D73629 /* SF-Pro-Display-RegularItalic.otf in Resources */,
				6D82021F29D9F58400FDAD65 /* Silkscreen-Bold.ttf in Resources */,
				6DCB4E6E2900B03700211BA6 /* LaunchScreen.storyboard in Resources */,
				6D41316429D9FA5400D73629 /* SF-Pro-Display-HeavyItalic.otf in Resources */,
				6D41315F29D9FA5400D73629 /* SF-Pro-Display-LightItalic.otf in Resources */,
				6DCB4E6B2900B03700211BA6 /* Assets.xcassets in Resources */,
				6D41316729D9FA5400D73629 /* SF-Pro-Display-Ultralight.otf in Resources */,
				6D41316C29D9FA5400D73629 /* SFPro_Font_License.rtf in Resources */,
				6D41316329D9FA5400D73629 /* SF-Pro-Display-MediumItalic.otf in Resources */,
				6D41316F29D9FA5400D73629 /* SF-Pro-Display-Light.otf in Resources */,
				6D82022029D9F58400FDAD65 /* Silkscreen-Regular.ttf in Resources */,
				6D41316229D9FA5400D73629 /* SF-Pro-Display-Regular.otf in Resources */,
				6DCB4E692900B03600211BA6 /* Main.storyboard in Resources */,
			);
			runOnlyForDeploymentPostprocessing = 0;
		};
/* End PBXResourcesBuildPhase section */

/* Begin PBXShellScriptBuildPhase section */
		6DA008CD29CE0A4A00EDFCE3 /* ShellScript */ = {
			isa = PBXShellScriptBuildPhase;
			buildActionMask = 2147483647;
			files = (
			);
			inputFileListPaths = (
			);
			inputPaths = (
			);
			outputFileListPaths = (
			);
			outputPaths = (
			);
			runOnlyForDeploymentPostprocessing = 0;
			shellPath = /bin/sh;
			shellScript = "# Type a script or drag a script file from your workspace to insert its path.\nTAGS=\"TODO:|FIXME:\"\nfind \"${SRCROOT}/\" \\( -name \"*.h\" -or -name \"*.m\" -or -name \"*.swift\" \\) -print0 | xargs -0 egrep --with-filename --line-number --only-matching \"($TAGS).*\\$\" | perl -p -e \"s/($TAGS)/ warning: \\$1/\"\n";
		};
/* End PBXShellScriptBuildPhase section */

/* Begin PBXSourcesBuildPhase section */
		6DCB4E5A2900B03600211BA6 /* Sources */ = {
			isa = PBXSourcesBuildPhase;
			buildActionMask = 2147483647;
			files = (
				6DE2C00D290EED2E00D5FE05 /* SearchCapsuleView.swift in Sources */,
				6DE2C00F290F2DB500D5FE05 /* Colors.swift in Sources */,
				6DA008B829CC722D00EDFCE3 /* CursorStabilizationDelegate.swift in Sources */,
				6D11128F2972CE6500E8D71F /* CursorView.swift in Sources */,
				6D2C28DF29A0F06E00DE850E /* ImagePredictor.swift in Sources */,
				6DCB4E662900B03600211BA6 /* RootViewController.swift in Sources */,
				6D5E3EAB29D23F3C006A577A /* NetVlad.mlpackage in Sources */,
				6DA008CC29CDD02300EDFCE3 /* SearchCapsuleDelegate.swift in Sources */,
				6DA008BE29CC9EEA00EDFCE3 /* BuildingInfoService.swift in Sources */,
				6DA008BA29CC733800EDFCE3 /* PlaceRecognizerDelegate.swift in Sources */,
				6D1112912972DDCD00E8D71F /* PlaceRecognizer.swift in Sources */,
				6D2C28E929A13CA200DE850E /* MobileNet2.mlpackage in Sources */,
				6D5E3EAD29D24203006A577A /* PoolPredictor.swift in Sources */,
				6D1112932972DEC200E8D71F /* LocalPlaceRecognizer.swift in Sources */,
				6DA008CA29CDBB5400EDFCE3 /* RawPlaceRecognition.swift in Sources */,
				6DA008C729CDBAD200EDFCE3 /* IBuildingInfoRepository.swift in Sources */,
				6D8201D029D9EDD900FDAD65 /* Fonts.swift in Sources */,
				6D8201C229D889A000FDAD65 /* BuildingInfoView.swift in Sources */,
				6D8201C429D889FD00FDAD65 /* HostingView.swift in Sources */,
				6DCB4E622900B03600211BA6 /* AppDelegate.swift in Sources */,
				6DA008BC29CC74AD00EDFCE3 /* BuildingInfoRepository.swift in Sources */,
				6D2C28E729A104A000DE850E /* Descriptor.swift in Sources */,
				6DCB4E642900B03600211BA6 /* SceneDelegate.swift in Sources */,
				6D5E3EB329D24A37006A577A /* Pool.mlpackage in Sources */,
			);
			runOnlyForDeploymentPostprocessing = 0;
		};
/* End PBXSourcesBuildPhase section */

/* Begin PBXVariantGroup section */
		6DCB4E672900B03600211BA6 /* Main.storyboard */ = {
			isa = PBXVariantGroup;
			children = (
				6DCB4E682900B03600211BA6 /* Base */,
			);
			name = Main.storyboard;
			sourceTree = "<group>";
		};
		6DCB4E6C2900B03700211BA6 /* LaunchScreen.storyboard */ = {
			isa = PBXVariantGroup;
			children = (
				6DCB4E6D2900B03700211BA6 /* Base */,
			);
			name = LaunchScreen.storyboard;
			sourceTree = "<group>";
		};
/* End PBXVariantGroup section */

/* Begin XCBuildConfiguration section */
		6DCB4E702900B03700211BA6 /* Debug */ = {
			isa = XCBuildConfiguration;
			buildSettings = {
				ALWAYS_SEARCH_USER_PATHS = NO;
				CLANG_ANALYZER_NONNULL = YES;
				CLANG_ANALYZER_NUMBER_OBJECT_CONVERSION = YES_AGGRESSIVE;
				CLANG_CXX_LANGUAGE_STANDARD = "gnu++20";
				CLANG_ENABLE_MODULES = YES;
				CLANG_ENABLE_OBJC_ARC = YES;
				CLANG_ENABLE_OBJC_WEAK = YES;
				CLANG_WARN_BLOCK_CAPTURE_AUTORELEASING = YES;
				CLANG_WARN_BOOL_CONVERSION = YES;
				CLANG_WARN_COMMA = YES;
				CLANG_WARN_CONSTANT_CONVERSION = YES;
				CLANG_WARN_DEPRECATED_OBJC_IMPLEMENTATIONS = YES;
				CLANG_WARN_DIRECT_OBJC_ISA_USAGE = YES_ERROR;
				CLANG_WARN_DOCUMENTATION_COMMENTS = YES;
				CLANG_WARN_EMPTY_BODY = YES;
				CLANG_WARN_ENUM_CONVERSION = YES;
				CLANG_WARN_INFINITE_RECURSION = YES;
				CLANG_WARN_INT_CONVERSION = YES;
				CLANG_WARN_NON_LITERAL_NULL_CONVERSION = YES;
				CLANG_WARN_OBJC_IMPLICIT_RETAIN_SELF = YES;
				CLANG_WARN_OBJC_LITERAL_CONVERSION = YES;
				CLANG_WARN_OBJC_ROOT_CLASS = YES_ERROR;
				CLANG_WARN_QUOTED_INCLUDE_IN_FRAMEWORK_HEADER = YES;
				CLANG_WARN_RANGE_LOOP_ANALYSIS = YES;
				CLANG_WARN_STRICT_PROTOTYPES = YES;
				CLANG_WARN_SUSPICIOUS_MOVE = YES;
				CLANG_WARN_UNGUARDED_AVAILABILITY = YES_AGGRESSIVE;
				CLANG_WARN_UNREACHABLE_CODE = YES;
				CLANG_WARN__DUPLICATE_METHOD_MATCH = YES;
				COPY_PHASE_STRIP = NO;
				DEBUG_INFORMATION_FORMAT = dwarf;
				ENABLE_STRICT_OBJC_MSGSEND = YES;
				ENABLE_TESTABILITY = YES;
				GCC_C_LANGUAGE_STANDARD = gnu11;
				GCC_DYNAMIC_NO_PIC = NO;
				GCC_NO_COMMON_BLOCKS = YES;
				GCC_OPTIMIZATION_LEVEL = 0;
				GCC_PREPROCESSOR_DEFINITIONS = (
					"DEBUG=1",
					"$(inherited)",
				);
				GCC_WARN_64_TO_32_BIT_CONVERSION = YES;
				GCC_WARN_ABOUT_RETURN_TYPE = YES_ERROR;
				GCC_WARN_UNDECLARED_SELECTOR = YES;
				GCC_WARN_UNINITIALIZED_AUTOS = YES_AGGRESSIVE;
				GCC_WARN_UNUSED_FUNCTION = YES;
				GCC_WARN_UNUSED_VARIABLE = YES;
				IPHONEOS_DEPLOYMENT_TARGET = 16.0;
				MTL_ENABLE_DEBUG_INFO = INCLUDE_SOURCE;
				MTL_FAST_MATH = YES;
				ONLY_ACTIVE_ARCH = YES;
				SDKROOT = iphoneos;
				SWIFT_ACTIVE_COMPILATION_CONDITIONS = DEBUG;
				SWIFT_OPTIMIZATION_LEVEL = "-Onone";
			};
			name = Debug;
		};
		6DCB4E712900B03700211BA6 /* Release */ = {
			isa = XCBuildConfiguration;
			buildSettings = {
				ALWAYS_SEARCH_USER_PATHS = NO;
				CLANG_ANALYZER_NONNULL = YES;
				CLANG_ANALYZER_NUMBER_OBJECT_CONVERSION = YES_AGGRESSIVE;
				CLANG_CXX_LANGUAGE_STANDARD = "gnu++20";
				CLANG_ENABLE_MODULES = YES;
				CLANG_ENABLE_OBJC_ARC = YES;
				CLANG_ENABLE_OBJC_WEAK = YES;
				CLANG_WARN_BLOCK_CAPTURE_AUTORELEASING = YES;
				CLANG_WARN_BOOL_CONVERSION = YES;
				CLANG_WARN_COMMA = YES;
				CLANG_WARN_CONSTANT_CONVERSION = YES;
				CLANG_WARN_DEPRECATED_OBJC_IMPLEMENTATIONS = YES;
				CLANG_WARN_DIRECT_OBJC_ISA_USAGE = YES_ERROR;
				CLANG_WARN_DOCUMENTATION_COMMENTS = YES;
				CLANG_WARN_EMPTY_BODY = YES;
				CLANG_WARN_ENUM_CONVERSION = YES;
				CLANG_WARN_INFINITE_RECURSION = YES;
				CLANG_WARN_INT_CONVERSION = YES;
				CLANG_WARN_NON_LITERAL_NULL_CONVERSION = YES;
				CLANG_WARN_OBJC_IMPLICIT_RETAIN_SELF = YES;
				CLANG_WARN_OBJC_LITERAL_CONVERSION = YES;
				CLANG_WARN_OBJC_ROOT_CLASS = YES_ERROR;
				CLANG_WARN_QUOTED_INCLUDE_IN_FRAMEWORK_HEADER = YES;
				CLANG_WARN_RANGE_LOOP_ANALYSIS = YES;
				CLANG_WARN_STRICT_PROTOTYPES = YES;
				CLANG_WARN_SUSPICIOUS_MOVE = YES;
				CLANG_WARN_UNGUARDED_AVAILABILITY = YES_AGGRESSIVE;
				CLANG_WARN_UNREACHABLE_CODE = YES;
				CLANG_WARN__DUPLICATE_METHOD_MATCH = YES;
				COPY_PHASE_STRIP = NO;
				DEBUG_INFORMATION_FORMAT = "dwarf-with-dsym";
				ENABLE_NS_ASSERTIONS = NO;
				ENABLE_STRICT_OBJC_MSGSEND = YES;
				GCC_C_LANGUAGE_STANDARD = gnu11;
				GCC_NO_COMMON_BLOCKS = YES;
				GCC_WARN_64_TO_32_BIT_CONVERSION = YES;
				GCC_WARN_ABOUT_RETURN_TYPE = YES_ERROR;
				GCC_WARN_UNDECLARED_SELECTOR = YES;
				GCC_WARN_UNINITIALIZED_AUTOS = YES_AGGRESSIVE;
				GCC_WARN_UNUSED_FUNCTION = YES;
				GCC_WARN_UNUSED_VARIABLE = YES;
				IPHONEOS_DEPLOYMENT_TARGET = 16.0;
				MTL_ENABLE_DEBUG_INFO = NO;
				MTL_FAST_MATH = YES;
				SDKROOT = iphoneos;
				SWIFT_COMPILATION_MODE = wholemodule;
				SWIFT_OPTIMIZATION_LEVEL = "-O";
				VALIDATE_PRODUCT = YES;
			};
			name = Release;
		};
		6DCB4E732900B03700211BA6 /* Debug */ = {
			isa = XCBuildConfiguration;
			buildSettings = {
				ASSETCATALOG_COMPILER_APPICON_NAME = AppIcon;
				ASSETCATALOG_COMPILER_GLOBAL_ACCENT_COLOR_NAME = AccentColor;
				CODE_SIGN_STYLE = Automatic;
				CURRENT_PROJECT_VERSION = 1;
				DEVELOPMENT_TEAM = ADA785NP67;
				GENERATE_INFOPLIST_FILE = YES;
				INFOPLIST_FILE = PlaceRecognitionApp/Info.plist;
				INFOPLIST_KEY_NSCameraUsageDescription = "Use your camera to AR";
				INFOPLIST_KEY_UIApplicationSupportsIndirectInputEvents = YES;
				INFOPLIST_KEY_UILaunchStoryboardName = LaunchScreen;
				INFOPLIST_KEY_UIMainStoryboardFile = Main;
				INFOPLIST_KEY_UISupportedInterfaceOrientations_iPad = "UIInterfaceOrientationPortrait UIInterfaceOrientationPortraitUpsideDown UIInterfaceOrientationLandscapeLeft UIInterfaceOrientationLandscapeRight";
				INFOPLIST_KEY_UISupportedInterfaceOrientations_iPhone = "UIInterfaceOrientationPortrait UIInterfaceOrientationLandscapeLeft UIInterfaceOrientationLandscapeRight";
				LD_RUNPATH_SEARCH_PATHS = (
					"$(inherited)",
					"@executable_path/Frameworks",
				);
				MARKETING_VERSION = 1.0;
				PRODUCT_BUNDLE_IDENTIFIER = com.teddyzxcv.PlaceRecognition.PlaceRecognitionApp;
				PRODUCT_NAME = "$(TARGET_NAME)";
				SWIFT_EMIT_LOC_STRINGS = YES;
				SWIFT_VERSION = 5.0;
				TARGETED_DEVICE_FAMILY = "1,2";
			};
			name = Debug;
		};
		6DCB4E742900B03700211BA6 /* Release */ = {
			isa = XCBuildConfiguration;
			buildSettings = {
				ASSETCATALOG_COMPILER_APPICON_NAME = AppIcon;
				ASSETCATALOG_COMPILER_GLOBAL_ACCENT_COLOR_NAME = AccentColor;
				CODE_SIGN_STYLE = Automatic;
				CURRENT_PROJECT_VERSION = 1;
				DEVELOPMENT_TEAM = ADA785NP67;
				GENERATE_INFOPLIST_FILE = YES;
				INFOPLIST_FILE = PlaceRecognitionApp/Info.plist;
				INFOPLIST_KEY_NSCameraUsageDescription = "Use your camera to AR";
				INFOPLIST_KEY_UIApplicationSupportsIndirectInputEvents = YES;
				INFOPLIST_KEY_UILaunchStoryboardName = LaunchScreen;
				INFOPLIST_KEY_UIMainStoryboardFile = Main;
				INFOPLIST_KEY_UISupportedInterfaceOrientations_iPad = "UIInterfaceOrientationPortrait UIInterfaceOrientationPortraitUpsideDown UIInterfaceOrientationLandscapeLeft UIInterfaceOrientationLandscapeRight";
				INFOPLIST_KEY_UISupportedInterfaceOrientations_iPhone = "UIInterfaceOrientationPortrait UIInterfaceOrientationLandscapeLeft UIInterfaceOrientationLandscapeRight";
				LD_RUNPATH_SEARCH_PATHS = (
					"$(inherited)",
					"@executable_path/Frameworks",
				);
				MARKETING_VERSION = 1.0;
				PRODUCT_BUNDLE_IDENTIFIER = com.teddyzxcv.PlaceRecognition.PlaceRecognitionApp;
				PRODUCT_NAME = "$(TARGET_NAME)";
				SWIFT_EMIT_LOC_STRINGS = YES;
				SWIFT_VERSION = 5.0;
				TARGETED_DEVICE_FAMILY = "1,2";
			};
			name = Release;
		};
/* End XCBuildConfiguration section */

/* Begin XCConfigurationList section */
		6DCB4E592900B03600211BA6 /* Build configuration list for PBXProject "PlaceRecognitionApp" */ = {
			isa = XCConfigurationList;
			buildConfigurations = (
				6DCB4E702900B03700211BA6 /* Debug */,
				6DCB4E712900B03700211BA6 /* Release */,
			);
			defaultConfigurationIsVisible = 0;
			defaultConfigurationName = Release;
		};
		6DCB4E722900B03700211BA6 /* Build configuration list for PBXNativeTarget "PlaceRecognitionApp" */ = {
			isa = XCConfigurationList;
			buildConfigurations = (
				6DCB4E732900B03700211BA6 /* Debug */,
				6DCB4E742900B03700211BA6 /* Release */,
			);
			defaultConfigurationIsVisible = 0;
			defaultConfigurationName = Release;
		};
/* End XCConfigurationList section */
	};
	rootObject = 6DCB4E562900B03600211BA6 /* Project object */;
}
